<?xml version="1.0" encoding="utf-8"?>
<Project ToolsVersion="4.0" xmlns="http://schemas.microsoft.com/developer/msbuild/2003">
  <ItemGroup>
    <Filter Include="Source Files">
      <UniqueIdentifier>{4FC737F1-C7A5-4376-A066-2A32D752A2FF}</UniqueIdentifier>
      <Extensions>cpp;c;cc;cxx;c++;cppm;ixx;def;odl;idl;hpj;bat;asm;asmx</Extensions>
    </Filter>
    <Filter Include="Header Files">
      <UniqueIdentifier>{93995380-89BD-4b04-88EB-625FBE52EBFB}</UniqueIdentifier>
      <Extensions>h;hh;hpp;hxx;h++;hm;inl;inc;ipp;xsd</Extensions>
    </Filter>
    <Filter Include="Resource Files">
      <UniqueIdentifier>{67DA6AB6-F800-4c08-8B7A-83BB121AAD01}</UniqueIdentifier>
      <Extensions>rc;ico;cur;bmp;dlg;rc2;rct;bin;rgs;gif;jpg;jpeg;jpe;resx;tiff;tif;png;wav;mfcribbon-ms</Extensions>
    </Filter>
  </ItemGroup>
  <ItemGroup>
    <ClCompile Include="1000rank.cpp">
      <Filter>Source Files</Filter>
    </ClCompile>
    <ClCompile Include="DatabaseManager.cpp">
      <Filter>Source Files</Filter>
    </ClCompile>
    <ClCompile Include="miniz.c">
      <Filter>Source Files</Filter>
    </ClCompile>
    <ClCompile Include="DatabaseDownloader.cpp">
      <Filter>Source Files</Filter>
    </ClCompile>
    <ClCompile Include="hdr\shell.c">
      <Filter>Source Files</Filter>
    </ClCompile>
    <ClCompile Include="hdr\sqlite3.c">
      <Filter>Source Files</Filter>
    </ClCompile>
    <ClCompile Include="time_utils.cpp">
      <Filter>Source Files</Filter>
    </ClCompile>
    <ClCompile Include="Player.cpp">
      <Filter>Source Files</Filter>
    </ClCompile>
    <ClCompile Include="MatchRecord.cpp">
      <Filter>Source Files</Filter>
    </ClCompile>
    <ClCompile Include="RankingSystem.cpp">
      <Filter>Source Files</Filter>
    </ClCompile>
  </ItemGroup>
  <ItemGroup>
    <ClInclude Include="DatabaseManager.h">
      <Filter>Header Files</Filter>
    </ClInclude>
    <ClInclude Include="miniz.h">
      <Filter>Header Files</Filter>
    </ClInclude>
    <ClInclude Include="DatabaseDownloader.h">
      <Filter>Header Files</Filter>
    </ClInclude>
    <ClInclude Include="hdr\sqlite_modern_cpp\errors.h">
      <Filter>Header Files</Filter>
    </ClInclude>
    <ClInclude Include="hdr\sqlite_modern_cpp\lists\error_codes.h">
      <Filter>Header Files</Filter>
    </ClInclude>
    <ClInclude Include="hdr\sqlite_modern_cpp\log.h">
      <Filter>Header Files</Filter>
    </ClInclude>
    <ClInclude Include="hdr\sqlite_modern_cpp\sqlcipher.h">
      <Filter>Header Files</Filter>
    </ClInclude>
    <ClInclude Include="hdr\sqlite_modern_cpp\type_wrapper.h">
      <Filter>Header Files</Filter>
    </ClInclude>
    <ClInclude Include="hdr\sqlite_modern_cpp\utility\function_traits.h">
      <Filter>Header Files</Filter>
    </ClInclude>
    <ClInclude Include="hdr\sqlite_modern_cpp\utility\uncaught_exceptions.h">
      <Filter>Header Files</Filter>
    </ClInclude>
    <ClInclude Include="hdr\sqlite_modern_cpp\utility\utf16_utf8.h">
      <Filter>Header Files</Filter>
    </ClInclude>
    <ClInclude Include="hdr\sqlite_modern_cpp.h">
      <Filter>Header Files</Filter>
    </ClInclude>
    <ClInclude Include="hdr\sqlite3.h">
      <Filter>Header Files</Filter>
    </ClInclude>
    <ClInclude Include="hdr\sqlite3ext.h">
      <Filter>Header Files</Filter>
    </ClInclude>
    <ClInclude Include="time_utils.h">
      <Filter>Header Files</Filter>
    </ClInclude>
    <ClInclude Include="Player.h">
      <Filter>Header Files</Filter>
    </ClInclude>
    <ClInclude Include="MatchRecord.h">
      <Filter>Header Files</Filter>
    </ClInclude>
    <ClInclude Include="RankingSystem.h">
      <Filter>Header Files</Filter>
    </ClInclude>
  </ItemGroup>
</Project>